DEPENDENCIES
  devbox
    path: cookbooks/devbox

GRAPH
  apache2 (3.1.0)
  apt (2.9.2)
  bluepill (2.4.1)
    rsyslog (~> 2.0)
  build-essential (2.2.4)
  chef-sugar (3.2.0)
  chef-vault (1.3.2)
  chef_handler (1.2.0)
  composer (2.2.1)
    php (>= 0.0.0)
    windows (>= 0.0.0)
  cron (1.7.3)
  devbox (1.0.0)
    apache2 (>= 0.0.0)
    apt (>= 0.0.0)
    cron (>= 0.0.0)
    mailhog (>= 0.0.0)
    mongodb3 (>= 0.0.0)
    nginx (>= 0.0.0)
    percona (>= 0.0.0)
    php (>= 0.0.0)
    phpcs (>= 0.0.0)
    phpmd (>= 0.0.0)
    redisio (>= 0.0.0)
    system (>= 0.0.0)
    xdebug (>= 0.0.0)
  dmg (2.3.0)
  git (4.3.5)
    build-essential (>= 0.0.0)
    dmg (>= 0.0.0)
    windows (>= 0.0.0)
    yum-epel (>= 0.0.0)
  hostsfile (2.4.5)
  iis (4.1.5)
    windows (>= 1.34.6)
  mailhog (0.1.0)
    runit (>= 0.0.0)
  mongodb3 (4.0.0)
    apt (>= 0.0.0)
    runit (~> 1.7.0)
    user (>= 0.0.0)
    yum (>= 0.0.0)
  mysql (6.1.2)
    smf (>= 0.0.0)
    yum-mysql-community (>= 0.0.0)
  nginx (2.7.6)
    apt (~> 2.2)
    bluepill (~> 2.3)
    build-essential (~> 2.0)
    ohai (~> 2.0)
    runit (~> 1.2)
    yum-epel (~> 0.3)
  ohai (2.0.4)
  openssl (4.4.0)
    chef-sugar (>= 3.1.1)
  packagecloud (0.1.1)
  pdepend (1.1.0)
    composer (>= 0.0.0)
    php (>= 0.0.0)
  percona (0.16.1)
    apt (>= 2.7.0)
    build-essential (>= 0.0.0)
    chef-vault (>= 0.0.0)
    openssl (>= 0.0.0)
    yum (~> 3.0)
    yum-epel (>= 0.0.0)
  php (1.7.2)
    build-essential (>= 0.0.0)
    iis (>= 0.0.0)
    mysql (>= 6.0.0)
    windows (>= 0.0.0)
    xml (>= 0.0.0)
    yum-epel (>= 0.0.0)
  phpcs (1.1.1)
    composer (>= 0.0.0)
    git (>= 0.0.0)
    php (>= 0.0.0)
  phpmd (0.0.6)
    composer (>= 0.0.0)
    pdepend (>= 0.0.0)
    php (>= 0.0.0)
  rbac (1.0.3)
  redisio (2.3.0)
    build-essential (>= 0.0.0)
    ulimit (>= 0.1.2)
  rsyslog (2.2.0)
  runit (1.7.6)
    packagecloud (>= 0.0.0)
  smf (2.2.7)
    rbac (>= 1.0.1)
  system (0.10.1)
    apt (>= 0.0.0)
    cron (>= 0.0.0)
    hostsfile (>= 0.0.0)
  ulimit (0.3.3)
  user (0.4.2)
  windows (1.39.1)
    chef_handler (>= 0.0.0)
  xdebug (1.0.0)
    build-essential (>= 0.0.0)
    php (>= 0.0.0)
  xml (2.0.0)
    build-essential (>= 0.0.0)
    chef-sugar (>= 0.0.0)
  yum (3.8.2)
  yum-epel (0.6.5)
    yum (~> 3.2)
  yum-mysql-community (0.1.21)
    yum (>= 3.2)
